
Microsoft Visual Studio Solution File, Format Version 12.00
# Visual Studio Version 16
VisualStudioVersion = 16.0.32630.194
MinimumVisualStudioVersion = 10.0.40219.1
Project("{FAE04EC0-301F-11D3-BF4B-00C04F79EFBC}") = "kutuphaneOtomasyonu", "kutuphaneOtomasyonu\kutuphaneOtomasyonu.csproj", "{269108D6-CF4B-452C-9697-CEF93A2E8910}"
EndProject
Global
	GlobalSection(SolutionConfigurationPlatforms) = preSolution
		Debug|Any CPU = Debug|Any CPU
		Release|Any CPU = Release|Any CPU
	EndGlobalSection
	GlobalSection(ProjectConfigurationPlatforms) = postSolution
		{269108D6-CF4B-452C-9697-CEF93A2E8910}.Debug|Any CPU.ActiveCfg = Debug|Any CPU
		{269108D6-CF4B-452C-9697-CEF93A2E8910}.Debug|Any CPU.Build.0 = Debug|Any CPU
		{269108D6-CF4B-452C-9697-CEF93A2E8910}.Release|Any CPU.ActiveCfg = Release|Any CPU
		{269108D6-CF4B-452C-9697-CEF93A2E8910}.Release|Any CPU.Build.0 = Release|Any CPU
	EndGlobalSection
	GlobalSection(SolutionProperties) = preSolution
		HideSolutionNode = FALSE
	EndGlobalSection
	GlobalSection(ExtensibilityGlobals) = postSolution
		SolutionGuid = {454B988B-75CC-4610-AD4D-42679DBC9742}
	EndGlobalSection
EndGlobal
